Microsoft Visual Studio Solution File, Format Version 12.00
# Visual Studio Version 17
VisualStudioVersion = 17.5.2.0
MinimumVisualStudioVersion = 10.0.40219.1
Project("{FAE04EC0-301F-11D3-BF4B-00C04F79EFBC}") = "Week12_Checkpoint-2-Produktlista", "Week12_Checkpoint-2-Produktlista\Week12_Checkpoint-2-Produktlista.csproj", "{C6FC6F8B-9BF1-CD9B-C799-DC198A831D90}"
EndProject
Global
	GlobalSection(SolutionConfigurationPlatforms) = preSolution
		Debug|Any CPU = Debug|Any CPU
		Release|Any CPU = Release|Any CPU
	EndGlobalSection
	GlobalSection(ProjectConfigurationPlatforms) = postSolution
		{C6FC6F8B-9BF1-CD9B-C799-DC198A831D90}.Debug|Any CPU.ActiveCfg = Debug|Any CPU
		{C6FC6F8B-9BF1-CD9B-C799-DC198A831D90}.Debug|Any CPU.Build.0 = Debug|Any CPU
		{C6FC6F8B-9BF1-CD9B-C799-DC198A831D90}.Release|Any CPU.ActiveCfg = Release|Any CPU
		{C6FC6F8B-9BF1-CD9B-C799-DC198A831D90}.Release|Any CPU.Build.0 = Release|Any CPU
	EndGlobalSection
	GlobalSection(SolutionProperties) = preSolution
		HideSolutionNode = FALSE
	EndGlobalSection
	GlobalSection(ExtensibilityGlobals) = postSolution
		SolutionGuid = {2E9EE443-E265-415C-A489-76AF1BA516A0}
	EndGlobalSection
EndGlobal
